
Microsoft Visual Studio Solution File, Format Version 12.00
# Visual Studio Version 17
VisualStudioVersion = 17.10.35013.160
MinimumVisualStudioVersion = 10.0.40219.1
Project("{FAE04EC0-301F-11D3-BF4B-00C04F79EFBC}") = "Tasks.Domain", "Tasks.Domain\Tasks.Domain.csproj", "{55963017-A2AB-4A86-B777-0A88EE6CB077}"
EndProject
Global
	GlobalSection(SolutionConfigurationPlatforms) = preSolution
		Debug|Any CPU = Debug|Any CPU
		Release|Any CPU = Release|Any CPU
	EndGlobalSection
	GlobalSection(ProjectConfigurationPlatforms) = postSolution
		{55963017-A2AB-4A86-B777-0A88EE6CB077}.Debug|Any CPU.ActiveCfg = Debug|Any CPU
		{55963017-A2AB-4A86-B777-0A88EE6CB077}.Debug|Any CPU.Build.0 = Debug|Any CPU
		{55963017-A2AB-4A86-B777-0A88EE6CB077}.Release|Any CPU.ActiveCfg = Release|Any CPU
		{55963017-A2AB-4A86-B777-0A88EE6CB077}.Release|Any CPU.Build.0 = Release|Any CPU
	EndGlobalSection
	GlobalSection(SolutionProperties) = preSolution
		HideSolutionNode = FALSE
	EndGlobalSection
	GlobalSection(ExtensibilityGlobals) = postSolution
		SolutionGuid = {EED49FB3-9E15-4472-9D8E-9BAFB0564168}
	EndGlobalSection
EndGlobal
